{
  "name": "power-check",
  "version": "0.0.0",
  "lockfileVersion": 3,
  "requires": true,
  "packages": {
    "": {
      "name": "power-check",
      "version": "0.0.0",
      "dependencies": {
        "@types/node": "^8.0.26",
        "emailjs": "^1.0.12"
      }
    },
    "node_modules/@types/node": {
      "version": "8.10.66",
      "resolved": "https://registry.npmjs.org/@types/node/-/node-8.10.66.tgz",
      "integrity": "sha512-tktOkFUA4kXx2hhhrB8bIFb5TbwzS4uOhKEmwiD+NoiL0qtP2OQ9mFldbgD4dV1djrlBYP6eBuQZiWjuHUpqFw=="
    },
    "node_modules/addressparser": {
      "version": "0.3.2",
      "resolved": "https://registry.npmjs.org/addressparser/-/addressparser-0.3.2.tgz",
      "integrity": "sha512-fDlslCJpojuY1cnb7tY7COAriA7cdSzDiWyrWNdFn7Cjd+jrEgZavqkOgD/wg+eH765YPnQjqlS88OL/Q0Qtkg=="
    },
    "node_modules/bufferjs": {
      "version": "1.1.0",
      "resolved": "https://registry.npmjs.org/bufferjs/-/bufferjs-1.1.0.tgz",
      "integrity": "sha512-qrqxRWjsRktz5dKEVwhV+IgCEFFojMHRbtyg/TGql0Z28RAZVgXSA1nZOsZnR9HQOsh8ukipVNOLpbH0KCCegQ==",
      "optional": true,
      "engines": {
        "node": ">=0.2.0"
      }
    },
    "node_modules/emailjs": {
      "version": "1.0.12",
      "resolved": "https://registry.npmjs.org/emailjs/-/emailjs-1.0.12.tgz",
      "integrity": "sha512-b4+30DT2pEkqG86DzoJl1Pe9rNc8x0kvqzyvA1FzepixWa6+4bDk3Ia5ZOX3JhuHEUSJwY7UtiIHnuBIZDnfFg==",
      "dependencies": {
        "addressparser": "^0.3.2",
        "mimelib": "0.2.14",
        "moment": "2.15.2",
        "starttls": "1.0.1"
      },
      "optionalDependencies": {
        "bufferjs": "1.1.0"
      }
    },
    "node_modules/encoding": {
      "version": "0.1.13",
      "resolved": "https://registry.npmjs.org/encoding/-/encoding-0.1.13.tgz",
      "integrity": "sha512-ETBauow1T35Y/WZMkio9jiM0Z5xjHHmJ4XmjZOq1l/dXz3lr2sRn87nJy20RupqSh1F2m3HHPSp8ShIPQJrJ3A==",
      "dependencies": {
        "iconv-lite": "^0.6.2"
      }
    },
    "node_modules/iconv-lite": {
      "version": "0.6.3",
      "resolved": "https://registry.npmjs.org/iconv-lite/-/iconv-lite-0.6.3.tgz",
      "integrity": "sha512-4fCk79wshMdzMp2rH06qWrJE4iolqLhCUH+OiuIgU++RB0+94NlDL81atO7GX55uUKueo0txHNtvEyI6D7WdMw==",
      "dependencies": {
        "safer-buffer": ">= 2.1.2 < 3.0.0"
      },
      "engines": {
        "node": ">=0.10.0"
      }
    },
    "node_modules/mimelib": {
      "version": "0.2.14",
      "resolved": "https://registry.npmjs.org/mimelib/-/mimelib-0.2.14.tgz",
      "integrity": "sha512-U/sN1ByAmzV373tmXwv3y5XTH04Ic/2qlKuxhsSqF6osbPlKs94CqR4D6FswnrM5t7flSYXrcAUO2AEjJ5/jqw==",
      "deprecated": "This project is unmaintained",
      "dependencies": {
        "addressparser": "~0.2.0",
        "encoding": "~0.1"
      }
    },
    "node_modules/mimelib/node_modules/addressparser": {
      "version": "0.2.1",
      "resolved": "https://registry.npmjs.org/addressparser/-/addressparser-0.2.1.tgz",
      "integrity": "sha512-znTNuVLOEDXQs5h48BeF0ZJwhGOOq0KEhlmFSLtYkPa4EEd48OoMxGo12ClI39rgU2Qx+/KwB7cINhC5/NGEdA=="
    },
    "node_modules/moment": {
      "version": "2.15.2",
      "resolved": "https://registry.npmjs.org/moment/-/moment-2.15.2.tgz",
      "integrity": "sha512-dv9NAmbJRSckFY2Dt3EcgoUGg85U4AaUvtJQ56k0QFumwqpOK3Huf0pYutSVgCFfN+DekvF4pW45PP9rf6ts7g==",
      "engines": {
        "node": "*"
      }
    },
    "node_modules/safer-buffer": {
      "version": "2.1.2",
      "resolved": "https://registry.npmjs.org/safer-buffer/-/safer-buffer-2.1.2.tgz",
      "integrity": "sha512-YZo3K82SD7Riyi0E1EQPojLz7kpepnSQI9IyPbHHg1XXXevb5dJI7tpyN2ADxGcQbHG7vcyRHk0cbwqcQriUtg=="
    },
    "node_modules/starttls": {
      "version": "1.0.1",
      "resolved": "https://registry.npmjs.org/starttls/-/starttls-1.0.1.tgz",
      "integrity": "sha512-mfOPDJsq1GSvCyl6qQK5Slj486+6c2E/DJ3vo0TXs4kB+6xFBBuua2ngiudFyjpRYr9BIibsW9wn/5gl4EPaoA=="
    }
  }
}
